
Microsoft Visual Studio Solution File, Format Version 12.00
# Visual Studio 15
VisualStudioVersion = 15.0.28307.438
MinimumVisualStudioVersion = 10.0.40219.1
Project("{FAE04EC0-301F-11D3-BF4B-00C04F79EFBC}") = "SampleProject", "SampleProject\SampleProject.csproj", "{CDDF585B-9CFF-447E-92A8-AE60C12E7F7F}"
EndProject
Global
	GlobalSection(SolutionConfigurationPlatforms) = preSolution
		Debug|Any CPU = Debug|Any CPU
		Release|Any CPU = Release|Any CPU
	EndGlobalSection
	GlobalSection(ProjectConfigurationPlatforms) = postSolution
		{CDDF585B-9CFF-447E-92A8-AE60C12E7F7F}.Debug|Any CPU.ActiveCfg = Debug|Any CPU
		{CDDF585B-9CFF-447E-92A8-AE60C12E7F7F}.Debug|Any CPU.Build.0 = Debug|Any CPU
		{CDDF585B-9CFF-447E-92A8-AE60C12E7F7F}.Release|Any CPU.ActiveCfg = Release|Any CPU
		{CDDF585B-9CFF-447E-92A8-AE60C12E7F7F}.Release|Any CPU.Build.0 = Release|Any CPU
	EndGlobalSection
	GlobalSection(SolutionProperties) = preSolution
		HideSolutionNode = FALSE
	EndGlobalSection
	GlobalSection(ExtensibilityGlobals) = postSolution
		SolutionGuid = {5D19536B-F86B-40BD-9945-168D839FDEF2}
	EndGlobalSection
EndGlobal
